
Microsoft Visual Studio Solution File, Format Version 12.00
# Visual Studio Version 17
VisualStudioVersion = 17.4.33213.308
MinimumVisualStudioVersion = 10.0.40219.1
Project("{9A19103F-16F7-4668-BE54-9A1E7A4F7556}") = "HotelListing", "WebApplication3\HotelListing.csproj", "{12AE268B-88E2-4F7F-94D0-4150DE60619B}"
EndProject
Global
	GlobalSection(SolutionConfigurationPlatforms) = preSolution
		Debug|Any CPU = Debug|Any CPU
		Release|Any CPU = Release|Any CPU
	EndGlobalSection
	GlobalSection(ProjectConfigurationPlatforms) = postSolution
		{12AE268B-88E2-4F7F-94D0-4150DE60619B}.Debug|Any CPU.ActiveCfg = Debug|Any CPU
		{12AE268B-88E2-4F7F-94D0-4150DE60619B}.Debug|Any CPU.Build.0 = Debug|Any CPU
		{12AE268B-88E2-4F7F-94D0-4150DE60619B}.Release|Any CPU.ActiveCfg = Release|Any CPU
		{12AE268B-88E2-4F7F-94D0-4150DE60619B}.Release|Any CPU.Build.0 = Release|Any CPU
	EndGlobalSection
	GlobalSection(SolutionProperties) = preSolution
		HideSolutionNode = FALSE
	EndGlobalSection
	GlobalSection(ExtensibilityGlobals) = postSolution
		SolutionGuid = {CB674242-BC88-4D32-BCE3-7D08596FA096}
	EndGlobalSection
EndGlobal
